
Microsoft Visual Studio Solution File, Format Version 12.00
# Visual Studio Version 16
VisualStudioVersion = 16.0.29519.87
MinimumVisualStudioVersion = 10.0.40219.1
Project("{FAE04EC0-301F-11D3-BF4B-00C04F79EFBC}") = "Es 2- Aereoporto", "Es 2- Aereoporto\Es 2- Aereoporto.csproj", "{90BA261C-BC9E-47A5-9669-A2A1D9294623}"
EndProject
Global
	GlobalSection(SolutionConfigurationPlatforms) = preSolution
		Debug|Any CPU = Debug|Any CPU
		Release|Any CPU = Release|Any CPU
	EndGlobalSection
	GlobalSection(ProjectConfigurationPlatforms) = postSolution
		{90BA261C-BC9E-47A5-9669-A2A1D9294623}.Debug|Any CPU.ActiveCfg = Debug|Any CPU
		{90BA261C-BC9E-47A5-9669-A2A1D9294623}.Debug|Any CPU.Build.0 = Debug|Any CPU
		{90BA261C-BC9E-47A5-9669-A2A1D9294623}.Release|Any CPU.ActiveCfg = Release|Any CPU
		{90BA261C-BC9E-47A5-9669-A2A1D9294623}.Release|Any CPU.Build.0 = Release|Any CPU
	EndGlobalSection
	GlobalSection(SolutionProperties) = preSolution
		HideSolutionNode = FALSE
	EndGlobalSection
	GlobalSection(ExtensibilityGlobals) = postSolution
		SolutionGuid = {C4EB8214-A7A3-42BF-B1B1-F45FDC9407BF}
	EndGlobalSection
EndGlobal
